
Microsoft Visual Studio Solution File, Format Version 12.00
# Visual Studio Version 17
VisualStudioVersion = 17.4.33213.308
MinimumVisualStudioVersion = 10.0.40219.1
Project("{FAE04EC0-301F-11D3-BF4B-00C04F79EFBC}") = "Raylibtesti", "Raylibtesti.csproj", "{CB5F304C-0C3D-427D-90B8-96413D5FA700}"
EndProject
Global
	GlobalSection(SolutionConfigurationPlatforms) = preSolution
		Debug|Any CPU = Debug|Any CPU
		Release|Any CPU = Release|Any CPU
	EndGlobalSection
	GlobalSection(ProjectConfigurationPlatforms) = postSolution
		{CB5F304C-0C3D-427D-90B8-96413D5FA700}.Debug|Any CPU.ActiveCfg = Debug|Any CPU
		{CB5F304C-0C3D-427D-90B8-96413D5FA700}.Debug|Any CPU.Build.0 = Debug|Any CPU
		{CB5F304C-0C3D-427D-90B8-96413D5FA700}.Release|Any CPU.ActiveCfg = Release|Any CPU
		{CB5F304C-0C3D-427D-90B8-96413D5FA700}.Release|Any CPU.Build.0 = Release|Any CPU
	EndGlobalSection
	GlobalSection(SolutionProperties) = preSolution
		HideSolutionNode = FALSE
	EndGlobalSection
	GlobalSection(ExtensibilityGlobals) = postSolution
		SolutionGuid = {0F3ABBFE-F767-4595-86B5-37443BB8C4F7}
	EndGlobalSection
EndGlobal
